
Microsoft Visual Studio Solution File, Format Version 12.00
# Visual Studio 2019
VisualStudioVersion = 16.0.29728.190
MinimumVisualStudioVersion = 10.0.40219.1
Project("{159641D6-6404-4A2A-AE62-294DE0FE8301}") = "Integration Services Project2", "Integration Services Project2.dtproj", "{0FC2C797-E57A-4967-BBD5-D2FA69E48F69}"
EndProject
Global
	GlobalSection(SolutionConfigurationPlatforms) = preSolution
		Development|Default = Development|Default
	EndGlobalSection
	GlobalSection(ProjectConfigurationPlatforms) = postSolution
		{0FC2C797-E57A-4967-BBD5-D2FA69E48F69}.Development|Default.ActiveCfg = Development
		{0FC2C797-E57A-4967-BBD5-D2FA69E48F69}.Development|Default.Build.0 = Development
	EndGlobalSection
	GlobalSection(SolutionProperties) = preSolution
		HideSolutionNode = FALSE
	EndGlobalSection
	GlobalSection(ExtensibilityGlobals) = postSolution
		SolutionGuid = {B41D4371-9727-4F04-8378-95B527612CA0}
	EndGlobalSection
EndGlobal
